Microsoft Visual Studio Solution File, Format Version 12.00
# Visual Studio Version 17
VisualStudioVersion = 17.5.2.0
MinimumVisualStudioVersion = 10.0.40219.1
Project("{FAE04EC0-301F-11D3-BF4B-00C04F79EFBC}") = "cs-string-test", "cs-string-test.csproj", "{8F2ECB68-AF46-9503-7C7E-8E928B69960D}"
EndProject
Global
	GlobalSection(SolutionConfigurationPlatforms) = preSolution
		Debug|Any CPU = Debug|Any CPU
		Release|Any CPU = Release|Any CPU
	EndGlobalSection
	GlobalSection(ProjectConfigurationPlatforms) = postSolution
		{8F2ECB68-AF46-9503-7C7E-8E928B69960D}.Debug|Any CPU.ActiveCfg = Debug|Any CPU
		{8F2ECB68-AF46-9503-7C7E-8E928B69960D}.Debug|Any CPU.Build.0 = Debug|Any CPU
		{8F2ECB68-AF46-9503-7C7E-8E928B69960D}.Release|Any CPU.ActiveCfg = Release|Any CPU
		{8F2ECB68-AF46-9503-7C7E-8E928B69960D}.Release|Any CPU.Build.0 = Release|Any CPU
	EndGlobalSection
	GlobalSection(SolutionProperties) = preSolution
		HideSolutionNode = FALSE
	EndGlobalSection
	GlobalSection(ExtensibilityGlobals) = postSolution
		SolutionGuid = {B32C387E-F212-48E9-8526-28CBDC5FFA34}
	EndGlobalSection
EndGlobal
